
Microsoft Visual Studio Solution File, Format Version 11.00
# Visual Studio 2010
Project("{FAE04EC0-301F-11D3-BF4B-00C04F79EFBC}") = "Arvin", "Arvin.csproj", "{427FE028-D279-2523-A768-084F9EF28F99}"
EndProject
Global
	GlobalSection(SolutionConfigurationPlatforms) = preSolution
		Debug|Any CPU = Debug|Any CPU
		Release|Any CPU = Release|Any CPU
	EndGlobalSection
	GlobalSection(ProjectConfigurationPlatforms) = postSolution
		{427FE028-D279-2523-A768-084F9EF28F99}.Debug|Any CPU.ActiveCfg = Debug|Any CPU
		{427FE028-D279-2523-A768-084F9EF28F99}.Debug|Any CPU.Build.0 = Debug|Any CPU
		{427FE028-D279-2523-A768-084F9EF28F99}.Release|Any CPU.ActiveCfg = Release|Any CPU
		{427FE028-D279-2523-A768-084F9EF28F99}.Release|Any CPU.Build.0 = Release|Any CPU
	EndGlobalSection
	GlobalSection(SolutionProperties) = preSolution
		HideSolutionNode = FALSE
	EndGlobalSection
EndGlobal
